<?xml version="1.0" encoding="utf-8"?>
<Project ToolsVersion="4.0" xmlns="http://schemas.microsoft.com/developer/msbuild/2003">
  <ItemGroup>
    <Filter Include="Source Files">
      <UniqueIdentifier>{4FC737F1-C7A5-4376-A066-2A32D752A2FF}</UniqueIdentifier>
      <Extensions>cpp;c;cc;cxx;c++;cppm;ixx;def;odl;idl;hpj;bat;asm;asmx</Extensions>
    </Filter>
    <Filter Include="Header Files">
      <UniqueIdentifier>{93995380-89BD-4b04-88EB-625FBE52EBFB}</UniqueIdentifier>
      <Extensions>h;hh;hpp;hxx;h++;hm;inl;inc;ipp;xsd</Extensions>
    </Filter>
    <Filter Include="Resource Files">
      <UniqueIdentifier>{67DA6AB6-F800-4c08-8B7A-83BB121AAD01}</UniqueIdentifier>
      <Extensions>rc;ico;cur;bmp;dlg;rc2;rct;bin;rgs;gif;jpg;jpeg;jpe;resx;tiff;tif;png;wav;mfcribbon-ms</Extensions>
    </Filter>
    <Filter Include="ShaderManager">
      <UniqueIdentifier>{df1bac7f-a7c2-40db-a31b-19141363b6e2}</UniqueIdentifier>
    </Filter>
    <Filter Include="Meshes">
      <UniqueIdentifier>{97271fe8-145c-40c2-ad0b-eba0201aa77d}</UniqueIdentifier>
    </Filter>
    <Filter Include="Meshes\VAOManager">
      <UniqueIdentifier>{1ec42f94-d5b2-4551-b7d7-4819e0f63e76}</UniqueIdentifier>
    </Filter>
    <Filter Include="Util">
      <UniqueIdentifier>{1cfa1556-387e-448a-b6ed-00d736232738}</UniqueIdentifier>
    </Filter>
    <Filter Include="Header Files\TrapOrTreasure">
      <UniqueIdentifier>{238022b8-8d65-424b-b303-c1d6ec8abd82}</UniqueIdentifier>
    </Filter>
    <Filter Include="Source Files\TrapOrTreasure">
      <UniqueIdentifier>{5ce17a31-c0e6-477a-aad0-ca95b3fb9eb1}</UniqueIdentifier>
    </Filter>
    <Filter Include="Source Files\Traps">
      <UniqueIdentifier>{de1dd853-1056-43eb-9e9c-dd0c424fb666}</UniqueIdentifier>
    </Filter>
    <Filter Include="Header Files\Traps">
      <UniqueIdentifier>{70d54313-c46c-4404-b1d4-1064f495ceb3}</UniqueIdentifier>
    </Filter>
    <Filter Include="Header Files\Treasure">
      <UniqueIdentifier>{5a1b08eb-aa58-4537-9a74-4112e4f7e982}</UniqueIdentifier>
    </Filter>
    <Filter Include="Source Files\Treasure">
      <UniqueIdentifier>{b97439ea-495d-408a-b5ff-9bfc863428fa}</UniqueIdentifier>
    </Filter>
    <Filter Include="Source Files\RollSystem">
      <UniqueIdentifier>{f8442ba3-0b8d-4aff-a678-9b444ae8568e}</UniqueIdentifier>
    </Filter>
    <Filter Include="Header Files\RollSystem">
      <UniqueIdentifier>{f5c19b69-fd7d-4e33-95b7-6c292922dd9d}</UniqueIdentifier>
    </Filter>
  </ItemGroup>
  <ItemGroup>
    <ClCompile Include="glad.c">
      <Filter>Source Files</Filter>
    </ClCompile>
    <ClCompile Include="cShader.cpp">
      <Filter>ShaderManager</Filter>
    </ClCompile>
    <ClCompile Include="cShaderManager.cpp">
      <Filter>ShaderManager</Filter>
    </ClCompile>
    <ClCompile Include="cVAOManager.cpp">
      <Filter>Meshes\VAOManager</Filter>
    </ClCompile>
    <ClCompile Include="cMesh.cpp">
      <Filter>Meshes</Filter>
    </ClCompile>
    <ClCompile Include="cCameraControl.cpp">
      <Filter>Source Files</Filter>
    </ClCompile>
    <ClCompile Include="cShaderLoader.cpp">
      <Filter>Source Files</Filter>
    </ClCompile>
    <ClCompile Include="cModelCatalog.cpp">
      <Filter>Source Files</Filter>
    </ClCompile>
    <ClCompile Include="cModel.cpp">
      <Filter>Source Files</Filter>
    </ClCompile>
    <ClCompile Include="JsonUtils.cpp">
      <Filter>Util</Filter>
    </ClCompile>
    <ClCompile Include="Main.cpp">
      <Filter>Source Files</Filter>
    </ClCompile>
    <ClCompile Include="cGameManager.cpp">
      <Filter>Source Files\TrapOrTreasure</Filter>
    </ClCompile>
    <ClCompile Include="cSpear.cpp">
      <Filter>Source Files\Traps</Filter>
    </ClCompile>
    <ClCompile Include="cPoisonedDart.cpp">
      <Filter>Source Files\Traps</Filter>
    </ClCompile>
    <ClCompile Include="cPetrify.cpp">
      <Filter>Source Files\Traps</Filter>
    </ClCompile>
    <ClCompile Include="cGoldCoins.cpp">
      <Filter>Source Files\Treasure</Filter>
    </ClCompile>
    <ClCompile Include="cLootable.cpp">
      <Filter>Source Files\TrapOrTreasure</Filter>
    </ClCompile>
    <ClCompile Include="cTreasure.cpp">
      <Filter>Source Files\Treasure</Filter>
    </ClCompile>
    <ClCompile Include="cTreasureFactory.cpp">
      <Filter>Source Files\Treasure</Filter>
    </ClCompile>
    <ClCompile Include="cRollSystem.cpp">
      <Filter>Source Files\RollSystem</Filter>
    </ClCompile>
    <ClCompile Include="cStandardRoll.cpp">
      <Filter>Source Files\RollSystem</Filter>
    </ClCompile>
    <ClCompile Include="cD6StrategyRoll.cpp">
      <Filter>Source Files\RollSystem</Filter>
    </ClCompile>
    <ClCompile Include="cFlipCoinRoll.cpp">
      <Filter>Source Files\RollSystem</Filter>
    </ClCompile>
    <ClCompile Include="cTrap.cpp">
      <Filter>Source Files\Traps</Filter>
    </ClCompile>
    <ClCompile Include="cHero.cpp">
      <Filter>Source Files\TrapOrTreasure</Filter>
    </ClCompile>
    <ClCompile Include="cLootChallengeBuilder.cpp">
      <Filter>Source Files\TrapOrTreasure</Filter>
    </ClCompile>
    <ClCompile Include="cDragonsLair.cpp">
      <Filter>Source Files\TrapOrTreasure</Filter>
    </ClCompile>
    <ClCompile Include="cDragon.cpp">
      <Filter>Source Files\TrapOrTreasure</Filter>
    </ClCompile>
    <ClCompile Include="cSeerkForTreasureMediator.cpp">
      <Filter>Source Files\TrapOrTreasure</Filter>
    </ClCompile>
    <ClCompile Include="ISeekForTreasureMediator.cpp">
      <Filter>Source Files</Filter>
    </ClCompile>
    <ClCompile Include="simple.c">
      <Filter>Source Files</Filter>
    </ClCompile>
    <ClCompile Include="cFireBreath.cpp">
      <Filter>Source Files\Traps</Filter>
    </ClCompile>
    <ClCompile Include="cTrapFactory.cpp">
      <Filter>Source Files\Traps</Filter>
    </ClCompile>
    <ClCompile Include="cStoneHat.cpp">
      <Filter>Source Files\Traps</Filter>
    </ClCompile>
    <ClCompile Include="cShockWave.cpp">
      <Filter>Source Files\Traps</Filter>
    </ClCompile>
    <ClCompile Include="cBlades.cpp">
      <Filter>Source Files\Traps</Filter>
    </ClCompile>
    <ClCompile Include="cGems.cpp">
      <Filter>Source Files\Treasure</Filter>
    </ClCompile>
    <ClCompile Include="cMysteriousRing.cpp">
      <Filter>Source Files\Treasure</Filter>
    </ClCompile>
    <ClCompile Include="cKingsCrown.cpp">
      <Filter>Source Files\Treasure</Filter>
    </ClCompile>
  </ItemGroup>
  <ItemGroup>
    <ClInclude Include="cShaderManager.h">
      <Filter>ShaderManager</Filter>
    </ClInclude>
    <ClInclude Include="cVAOManager.h">
      <Filter>Meshes\VAOManager</Filter>
    </ClInclude>
    <ClInclude Include="GLCommon.h">
      <Filter>Header Files</Filter>
    </ClInclude>
    <ClInclude Include="sVertex_types.h">
      <Filter>Source Files</Filter>
    </ClInclude>
    <ClInclude Include="cMesh.h">
      <Filter>Meshes</Filter>
    </ClInclude>
    <ClInclude Include="cCameraControl.h">
      <Filter>Header Files</Filter>
    </ClInclude>
    <ClInclude Include="cModel.h">
      <Filter>Header Files</Filter>
    </ClInclude>
    <ClInclude Include="cShaderLoader.h">
      <Filter>Header Files</Filter>
    </ClInclude>
    <ClInclude Include="cModelCatalog.h">
      <Filter>Header Files</Filter>
    </ClInclude>
    <ClInclude Include="JsonUtils.h">
      <Filter>Util</Filter>
    </ClInclude>
    <ClInclude Include="cLootable.h">
      <Filter>Header Files\TrapOrTreasure</Filter>
    </ClInclude>
    <ClInclude Include="IAwakeTheDrake.h">
      <Filter>Header Files\TrapOrTreasure</Filter>
    </ClInclude>
    <ClInclude Include="cGameManager.h">
      <Filter>Header Files\TrapOrTreasure</Filter>
    </ClInclude>
    <ClInclude Include="cTrap.h">
      <Filter>Header Files\Traps</Filter>
    </ClInclude>
    <ClInclude Include="eTrapType.h">
      <Filter>Header Files\Traps</Filter>
    </ClInclude>
    <ClInclude Include="cSpear.h">
      <Filter>Header Files\Traps</Filter>
    </ClInclude>
    <ClInclude Include="cPoisonedDart.h">
      <Filter>Header Files\Traps</Filter>
    </ClInclude>
    <ClInclude Include="cPetrify.h">
      <Filter>Header Files\Traps</Filter>
    </ClInclude>
    <ClInclude Include="cTreasureFactory.h">
      <Filter>Header Files\Treasure</Filter>
    </ClInclude>
    <ClInclude Include="cGoldCoins.h">
      <Filter>Header Files\Treasure</Filter>
    </ClInclude>
    <ClInclude Include="cTreasure.h">
      <Filter>Header Files\Treasure</Filter>
    </ClInclude>
    <ClInclude Include="cRollSystem.h">
      <Filter>Header Files\RollSystem</Filter>
    </ClInclude>
    <ClInclude Include="cFlipCoinUtils.h">
      <Filter>Header Files\RollSystem</Filter>
    </ClInclude>
    <ClInclude Include="IRoll.h">
      <Filter>Header Files\RollSystem</Filter>
    </ClInclude>
    <ClInclude Include="cStandardRoll.h">
      <Filter>Header Files\RollSystem</Filter>
    </ClInclude>
    <ClInclude Include="cD6StrategyRoll.h">
      <Filter>Header Files\RollSystem</Filter>
    </ClInclude>
    <ClInclude Include="cHero.h">
      <Filter>Header Files\TrapOrTreasure</Filter>
    </ClInclude>
    <ClInclude Include="cSeekForTreasureMediator.h">
      <Filter>Header Files\TrapOrTreasure</Filter>
    </ClInclude>
    <ClInclude Include="cLootChallengeBuilder.h">
      <Filter>Header Files\TrapOrTreasure</Filter>
    </ClInclude>
    <ClInclude Include="IGameAgent.h">
      <Filter>Header Files\TrapOrTreasure</Filter>
    </ClInclude>
    <ClInclude Include="cDragonsLair.h">
      <Filter>Header Files\TrapOrTreasure</Filter>
    </ClInclude>
    <ClInclude Include="ISeekForTreasureMediator.h">
      <Filter>Header Files\TrapOrTreasure</Filter>
    </ClInclude>
    <ClInclude Include="cDragon.h">
      <Filter>Header Files\TrapOrTreasure</Filter>
    </ClInclude>
    <ClInclude Include="include\gltext\gltext.h">
      <Filter>Header Files</Filter>
    </ClInclude>
    <ClInclude Include="gltext.h">
      <Filter>Header Files</Filter>
    </ClInclude>
    <ClInclude Include="sGameStatus.h">
      <Filter>Header Files\TrapOrTreasure</Filter>
    </ClInclude>
    <ClInclude Include="cFireBreath.h">
      <Filter>Header Files\Traps</Filter>
    </ClInclude>
    <ClInclude Include="cTrapFactory.h">
      <Filter>Header Files\Traps</Filter>
    </ClInclude>
    <ClInclude Include="cStoneHat.h">
      <Filter>Header Files\Traps</Filter>
    </ClInclude>
    <ClInclude Include="cShockWave.h">
      <Filter>Header Files\Traps</Filter>
    </ClInclude>
    <ClInclude Include="cBlades.h">
      <Filter>Header Files\Traps</Filter>
    </ClInclude>
    <ClInclude Include="cGems.h">
      <Filter>Header Files\Treasure</Filter>
    </ClInclude>
    <ClInclude Include="cMysteriousRing.h">
      <Filter>Header Files\Treasure</Filter>
    </ClInclude>
    <ClInclude Include="cKingsCrown.h">
      <Filter>Header Files\Treasure</Filter>
    </ClInclude>
  </ItemGroup>
  <ItemGroup>
    <None Include="cameraConfig.json" />
  </ItemGroup>
</Project>